
Microsoft Visual Studio Solution File, Format Version 12.00
# Visual Studio Version 16
VisualStudioVersion = 16.0.29102.190
MinimumVisualStudioVersion = 10.0.40219.1
Project("{FAE04EC0-301F-11D3-BF4B-00C04F79EFBC}") = "microsoft", "microsoft.csproj", "{1200A6C1-964A-41BF-85D7-43E2465AC732}"
EndProject
Global
	GlobalSection(SolutionConfigurationPlatforms) = preSolution
		Debug|Any CPU = Debug|Any CPU
		Release|Any CPU = Release|Any CPU
	EndGlobalSection
	GlobalSection(ProjectConfigurationPlatforms) = postSolution
		{1200A6C1-964A-41BF-85D7-43E2465AC732}.Debug|Any CPU.ActiveCfg = Debug|Any CPU
		{1200A6C1-964A-41BF-85D7-43E2465AC732}.Debug|Any CPU.Build.0 = Debug|Any CPU
		{1200A6C1-964A-41BF-85D7-43E2465AC732}.Release|Any CPU.ActiveCfg = Release|Any CPU
		{1200A6C1-964A-41BF-85D7-43E2465AC732}.Release|Any CPU.Build.0 = Release|Any CPU
	EndGlobalSection
	GlobalSection(SolutionProperties) = preSolution
		HideSolutionNode = FALSE
	EndGlobalSection
	GlobalSection(ExtensibilityGlobals) = postSolution
		SolutionGuid = {D66439F2-0D25-41E3-AFFB-4B05678697B0}
	EndGlobalSection
EndGlobal
